
Microsoft Visual Studio Solution File, Format Version 12.00
# Visual Studio Version 17
VisualStudioVersion = 17.13.35825.156 d17.13
MinimumVisualStudioVersion = 10.0.40219.1
Project("{FAE04EC0-301F-11D3-BF4B-00C04F79EFBC}") = "Hospital Management", "Hospital Management\Hospital Management.csproj", "{57E338F4-8A8E-49E0-B13D-9997011F239F}"
EndProject
Global
	GlobalSection(SolutionConfigurationPlatforms) = preSolution
		Debug|Any CPU = Debug|Any CPU
		Release|Any CPU = Release|Any CPU
	EndGlobalSection
	GlobalSection(ProjectConfigurationPlatforms) = postSolution
		{57E338F4-8A8E-49E0-B13D-9997011F239F}.Debug|Any CPU.ActiveCfg = Debug|Any CPU
		{57E338F4-8A8E-49E0-B13D-9997011F239F}.Debug|Any CPU.Build.0 = Debug|Any CPU
		{57E338F4-8A8E-49E0-B13D-9997011F239F}.Release|Any CPU.ActiveCfg = Release|Any CPU
		{57E338F4-8A8E-49E0-B13D-9997011F239F}.Release|Any CPU.Build.0 = Release|Any CPU
	EndGlobalSection
	GlobalSection(SolutionProperties) = preSolution
		HideSolutionNode = FALSE
	EndGlobalSection
	GlobalSection(ExtensibilityGlobals) = postSolution
		SolutionGuid = {76981C2C-F037-45FC-8038-51E513D69D71}
	EndGlobalSection
EndGlobal
